
Microsoft Visual Studio Solution File, Format Version 12.00
# Visual Studio Version 16
VisualStudioVersion = 16.0.29920.165
MinimumVisualStudioVersion = 10.0.40219.1
Project("{FAE04EC0-301F-11D3-BF4B-00C04F79EFBC}") = "MatrixCalc", "MatrixCalc\MatrixCalc.csproj", "{94AD1B69-3DE5-4B21-8AF9-D5A92838311C}"
EndProject
Global
	GlobalSection(SolutionConfigurationPlatforms) = preSolution
		Debug|Any CPU = Debug|Any CPU
		Release|Any CPU = Release|Any CPU
	EndGlobalSection
	GlobalSection(ProjectConfigurationPlatforms) = postSolution
		{94AD1B69-3DE5-4B21-8AF9-D5A92838311C}.Debug|Any CPU.ActiveCfg = Debug|Any CPU
		{94AD1B69-3DE5-4B21-8AF9-D5A92838311C}.Debug|Any CPU.Build.0 = Debug|Any CPU
		{94AD1B69-3DE5-4B21-8AF9-D5A92838311C}.Release|Any CPU.ActiveCfg = Release|Any CPU
		{94AD1B69-3DE5-4B21-8AF9-D5A92838311C}.Release|Any CPU.Build.0 = Release|Any CPU
	EndGlobalSection
	GlobalSection(SolutionProperties) = preSolution
		HideSolutionNode = FALSE
	EndGlobalSection
	GlobalSection(ExtensibilityGlobals) = postSolution
		SolutionGuid = {B2B26A94-49E1-4F08-913D-645F1230C4AC}
	EndGlobalSection
EndGlobal
